{
  "requires": true,
  "lockfileVersion": 1,
  "dependencies": {
    "lodash.memoize": {
      "version": "4.1.2",
      "resolved": "https://registry.npmjs.org/lodash.memoize/-/lodash.memoize-4.1.2.tgz",
      "integrity": "sha1-vMbEmkKihA7Zl/Mj6tpezRguC/4="
    },
    "msteams-ui-icons-core": {
      "version": "0.4.2",
      "resolved": "https://registry.npmjs.org/msteams-ui-icons-core/-/msteams-ui-icons-core-0.4.2.tgz",
      "integrity": "sha512-jaHadyxAuSwvopQjcMSjlkVB1B2z4Ln5XE683d0unfDtrlL9jSczHRfCQoSVHE4khjtBG/4HU92zf+SbmUGzkQ==",
      "requires": {
        "lodash.memoize": "^4.1.2"
      }
    }
  }
}
